{
  "name": "testApp",
  "version": "1.0.0",
  "lockfileVersion": 1,
  "requires": true,
  "dependencies": {
    "foobar-lib-rrisk": {
      "version": "1.0.0",
      "resolved": "https://registry.npmjs.org/foobar-lib-rrisk/-/foobar-lib-rrisk-1.0.0.tgz",
      "integrity": "sha512-koqhS6IrZRXt6hjkMO/g1FCmMM4yHO3lOG1XX0qXePeia8EzxP/B1EJtUHJta+jhB0j/DMuwpzLVLsMvxrhymg=="
    }
  }
}
